
Microsoft Visual Studio Solution File, Format Version 12.00
# Visual Studio Version 16
VisualStudioVersion = 16.0.31605.320
MinimumVisualStudioVersion = 10.0.40219.1
Project("{9A19103F-16F7-4668-BE54-9A1E7A4F7556}") = "DataAccess", "DataAccess\DataAccess.csproj", "{F524E609-1CA7-42BA-89BE-11972ED821B8}"
EndProject
Project("{9A19103F-16F7-4668-BE54-9A1E7A4F7556}") = "Business", "Business\Business.csproj", "{5054C663-9061-4B28-B441-E57EA2712DB8}"
EndProject
Project("{9A19103F-16F7-4668-BE54-9A1E7A4F7556}") = "Entities", "Entities\Entities.csproj", "{7B6741FC-D1E3-4A56-ABFC-B7C1A0A1B90C}"
EndProject
Project("{9A19103F-16F7-4668-BE54-9A1E7A4F7556}") = "ConsoleUI", "ConsoleUI\ConsoleUI.csproj", "{07CFB635-216B-4B0B-9A7C-D64FB595DECF}"
EndProject
Project("{FAE04EC0-301F-11D3-BF4B-00C04F79EFBC}") = "Core", "Core\Core.csproj", "{242615B2-F929-495E-83EA-66BDB57E9140}"
EndProject
Project("{FAE04EC0-301F-11D3-BF4B-00C04F79EFBC}") = "WebAPI", "WebAPI\WebAPI.csproj", "{02D370DF-643E-4D1B-84AF-38F4BA41495A}"
EndProject
Global
	GlobalSection(SolutionConfigurationPlatforms) = preSolution
		Debug|Any CPU = Debug|Any CPU
		Release|Any CPU = Release|Any CPU
	EndGlobalSection
	GlobalSection(ProjectConfigurationPlatforms) = postSolution
		{F524E609-1CA7-42BA-89BE-11972ED821B8}.Debug|Any CPU.ActiveCfg = Debug|Any CPU
		{F524E609-1CA7-42BA-89BE-11972ED821B8}.Debug|Any CPU.Build.0 = Debug|Any CPU
		{F524E609-1CA7-42BA-89BE-11972ED821B8}.Release|Any CPU.ActiveCfg = Release|Any CPU
		{F524E609-1CA7-42BA-89BE-11972ED821B8}.Release|Any CPU.Build.0 = Release|Any CPU
		{5054C663-9061-4B28-B441-E57EA2712DB8}.Debug|Any CPU.ActiveCfg = Debug|Any CPU
		{5054C663-9061-4B28-B441-E57EA2712DB8}.Debug|Any CPU.Build.0 = Debug|Any CPU
		{5054C663-9061-4B28-B441-E57EA2712DB8}.Release|Any CPU.ActiveCfg = Release|Any CPU
		{5054C663-9061-4B28-B441-E57EA2712DB8}.Release|Any CPU.Build.0 = Release|Any CPU
		{7B6741FC-D1E3-4A56-ABFC-B7C1A0A1B90C}.Debug|Any CPU.ActiveCfg = Debug|Any CPU
		{7B6741FC-D1E3-4A56-ABFC-B7C1A0A1B90C}.Debug|Any CPU.Build.0 = Debug|Any CPU
		{7B6741FC-D1E3-4A56-ABFC-B7C1A0A1B90C}.Release|Any CPU.ActiveCfg = Release|Any CPU
		{7B6741FC-D1E3-4A56-ABFC-B7C1A0A1B90C}.Release|Any CPU.Build.0 = Release|Any CPU
		{07CFB635-216B-4B0B-9A7C-D64FB595DECF}.Debug|Any CPU.ActiveCfg = Debug|Any CPU
		{07CFB635-216B-4B0B-9A7C-D64FB595DECF}.Debug|Any CPU.Build.0 = Debug|Any CPU
		{07CFB635-216B-4B0B-9A7C-D64FB595DECF}.Release|Any CPU.ActiveCfg = Release|Any CPU
		{07CFB635-216B-4B0B-9A7C-D64FB595DECF}.Release|Any CPU.Build.0 = Release|Any CPU
		{242615B2-F929-495E-83EA-66BDB57E9140}.Debug|Any CPU.ActiveCfg = Debug|Any CPU
		{242615B2-F929-495E-83EA-66BDB57E9140}.Debug|Any CPU.Build.0 = Debug|Any CPU
		{242615B2-F929-495E-83EA-66BDB57E9140}.Release|Any CPU.ActiveCfg = Release|Any CPU
		{242615B2-F929-495E-83EA-66BDB57E9140}.Release|Any CPU.Build.0 = Release|Any CPU
		{02D370DF-643E-4D1B-84AF-38F4BA41495A}.Debug|Any CPU.ActiveCfg = Debug|Any CPU
		{02D370DF-643E-4D1B-84AF-38F4BA41495A}.Debug|Any CPU.Build.0 = Debug|Any CPU
		{02D370DF-643E-4D1B-84AF-38F4BA41495A}.Release|Any CPU.ActiveCfg = Release|Any CPU
		{02D370DF-643E-4D1B-84AF-38F4BA41495A}.Release|Any CPU.Build.0 = Release|Any CPU
	EndGlobalSection
	GlobalSection(SolutionProperties) = preSolution
		HideSolutionNode = FALSE
	EndGlobalSection
	GlobalSection(ExtensibilityGlobals) = postSolution
		SolutionGuid = {A6F19BCC-E624-4EAC-9909-D2F597C8E8F7}
	EndGlobalSection
EndGlobal
